
Microsoft Visual Studio Solution File, Format Version 12.00
# Visual Studio Version 17
VisualStudioVersion = 17.5.33530.505
MinimumVisualStudioVersion = 10.0.40219.1
Project("{FAE04EC0-301F-11D3-BF4B-00C04F79EFBC}") = "Exam", "Exam\Exam.csproj", "{539C12B6-0AFB-4A31-82FE-DD055B5D0078}"
EndProject
Project("{FAE04EC0-301F-11D3-BF4B-00C04F79EFBC}") = "FishingCompetition", "FishingCompetition\FishingCompetition.csproj", "{C90AB1C9-1D4C-4DD9-9AAD-B29554B351CC}"
EndProject
Global
	GlobalSection(SolutionConfigurationPlatforms) = preSolution
		Debug|Any CPU = Debug|Any CPU
		Release|Any CPU = Release|Any CPU
	EndGlobalSection
	GlobalSection(ProjectConfigurationPlatforms) = postSolution
		{539C12B6-0AFB-4A31-82FE-DD055B5D0078}.Debug|Any CPU.ActiveCfg = Debug|Any CPU
		{539C12B6-0AFB-4A31-82FE-DD055B5D0078}.Debug|Any CPU.Build.0 = Debug|Any CPU
		{539C12B6-0AFB-4A31-82FE-DD055B5D0078}.Release|Any CPU.ActiveCfg = Release|Any CPU
		{539C12B6-0AFB-4A31-82FE-DD055B5D0078}.Release|Any CPU.Build.0 = Release|Any CPU
		{C90AB1C9-1D4C-4DD9-9AAD-B29554B351CC}.Debug|Any CPU.ActiveCfg = Debug|Any CPU
		{C90AB1C9-1D4C-4DD9-9AAD-B29554B351CC}.Debug|Any CPU.Build.0 = Debug|Any CPU
		{C90AB1C9-1D4C-4DD9-9AAD-B29554B351CC}.Release|Any CPU.ActiveCfg = Release|Any CPU
		{C90AB1C9-1D4C-4DD9-9AAD-B29554B351CC}.Release|Any CPU.Build.0 = Release|Any CPU
	EndGlobalSection
	GlobalSection(SolutionProperties) = preSolution
		HideSolutionNode = FALSE
	EndGlobalSection
	GlobalSection(ExtensibilityGlobals) = postSolution
		SolutionGuid = {A8C7E676-9107-4E82-A66E-97F3DE792EE9}
	EndGlobalSection
EndGlobal
